
Microsoft Visual Studio Solution File, Format Version 12.00
# Visual Studio 2013
VisualStudioVersion = 12.0.21005.1
MinimumVisualStudioVersion = 10.0.40219.1
Project("{FAE04EC0-301F-11D3-BF4B-00C04F79EFBC}") = "Web", "Web\Web.csproj", "{B16C64FF-45CC-4B87-B247-284ADE78FDCF}"
EndProject
Project("{FAE04EC0-301F-11D3-BF4B-00C04F79EFBC}") = "BAL", "BAL\BAL.csproj", "{68D2ED44-3800-48AD-9B20-E5B885B72BE3}"
EndProject
Project("{FAE04EC0-301F-11D3-BF4B-00C04F79EFBC}") = "DAL", "DAL\DAL.csproj", "{FBB76750-8BD4-44AE-AD7E-4CA5007D15AB}"
EndProject
Global
	GlobalSection(SolutionConfigurationPlatforms) = preSolution
		Debug|Any CPU = Debug|Any CPU
		Release|Any CPU = Release|Any CPU
	EndGlobalSection
	GlobalSection(ProjectConfigurationPlatforms) = postSolution
		{B16C64FF-45CC-4B87-B247-284ADE78FDCF}.Debug|Any CPU.ActiveCfg = Debug|Any CPU
		{B16C64FF-45CC-4B87-B247-284ADE78FDCF}.Debug|Any CPU.Build.0 = Debug|Any CPU
		{B16C64FF-45CC-4B87-B247-284ADE78FDCF}.Release|Any CPU.ActiveCfg = Release|Any CPU
		{B16C64FF-45CC-4B87-B247-284ADE78FDCF}.Release|Any CPU.Build.0 = Release|Any CPU
		{68D2ED44-3800-48AD-9B20-E5B885B72BE3}.Debug|Any CPU.ActiveCfg = Debug|Any CPU
		{68D2ED44-3800-48AD-9B20-E5B885B72BE3}.Debug|Any CPU.Build.0 = Debug|Any CPU
		{68D2ED44-3800-48AD-9B20-E5B885B72BE3}.Release|Any CPU.ActiveCfg = Release|Any CPU
		{68D2ED44-3800-48AD-9B20-E5B885B72BE3}.Release|Any CPU.Build.0 = Release|Any CPU
		{FBB76750-8BD4-44AE-AD7E-4CA5007D15AB}.Debug|Any CPU.ActiveCfg = Debug|Any CPU
		{FBB76750-8BD4-44AE-AD7E-4CA5007D15AB}.Debug|Any CPU.Build.0 = Debug|Any CPU
		{FBB76750-8BD4-44AE-AD7E-4CA5007D15AB}.Release|Any CPU.ActiveCfg = Release|Any CPU
		{FBB76750-8BD4-44AE-AD7E-4CA5007D15AB}.Release|Any CPU.Build.0 = Release|Any CPU
	EndGlobalSection
	GlobalSection(SolutionProperties) = preSolution
		HideSolutionNode = FALSE
	EndGlobalSection
EndGlobal
